
Microsoft Visual Studio Solution File, Format Version 12.00
# Visual Studio Version 17
VisualStudioVersion = 17.1.32210.238
MinimumVisualStudioVersion = 10.0.40219.1
Project("{9A19103F-16F7-4668-BE54-9A1E7A4F7556}") = "Service", "Service\Service.csproj", "{D9E01936-8F68-4332-A079-A64234E494E6}"
EndProject
Project("{9A19103F-16F7-4668-BE54-9A1E7A4F7556}") = "Client", "Client\Client.csproj", "{4AE84271-4924-43DB-A954-EDACEBC7C932}"
EndProject
Project("{FAE04EC0-301F-11D3-BF4B-00C04F79EFBC}") = "ClientgRPC", "ClientgRPC\ClientgRPC.csproj", "{5099B04E-10AC-4EE5-BCAC-2E2006C82010}"
EndProject
Global
	GlobalSection(SolutionConfigurationPlatforms) = preSolution
		Debug|Any CPU = Debug|Any CPU
		Release|Any CPU = Release|Any CPU
	EndGlobalSection
	GlobalSection(ProjectConfigurationPlatforms) = postSolution
		{D9E01936-8F68-4332-A079-A64234E494E6}.Debug|Any CPU.ActiveCfg = Debug|Any CPU
		{D9E01936-8F68-4332-A079-A64234E494E6}.Debug|Any CPU.Build.0 = Debug|Any CPU
		{D9E01936-8F68-4332-A079-A64234E494E6}.Release|Any CPU.ActiveCfg = Release|Any CPU
		{D9E01936-8F68-4332-A079-A64234E494E6}.Release|Any CPU.Build.0 = Release|Any CPU
		{4AE84271-4924-43DB-A954-EDACEBC7C932}.Debug|Any CPU.ActiveCfg = Debug|Any CPU
		{4AE84271-4924-43DB-A954-EDACEBC7C932}.Debug|Any CPU.Build.0 = Debug|Any CPU
		{4AE84271-4924-43DB-A954-EDACEBC7C932}.Release|Any CPU.ActiveCfg = Release|Any CPU
		{4AE84271-4924-43DB-A954-EDACEBC7C932}.Release|Any CPU.Build.0 = Release|Any CPU
		{5099B04E-10AC-4EE5-BCAC-2E2006C82010}.Debug|Any CPU.ActiveCfg = Debug|Any CPU
		{5099B04E-10AC-4EE5-BCAC-2E2006C82010}.Debug|Any CPU.Build.0 = Debug|Any CPU
		{5099B04E-10AC-4EE5-BCAC-2E2006C82010}.Release|Any CPU.ActiveCfg = Release|Any CPU
		{5099B04E-10AC-4EE5-BCAC-2E2006C82010}.Release|Any CPU.Build.0 = Release|Any CPU
	EndGlobalSection
	GlobalSection(SolutionProperties) = preSolution
		HideSolutionNode = FALSE
	EndGlobalSection
	GlobalSection(ExtensibilityGlobals) = postSolution
		SolutionGuid = {7F4A1D8C-EFDA-4AC7-B0B4-56151D33F27B}
	EndGlobalSection
EndGlobal
